
Microsoft Visual Studio Solution File, Format Version 12.00
# Visual Studio Version 17
VisualStudioVersion = 17.6.33815.320
MinimumVisualStudioVersion = 10.0.40219.1
Project("{FAE04EC0-301F-11D3-BF4B-00C04F79EFBC}") = "WpfApp1", "WpfApp1\WpfApp1.csproj", "{D7B0D9D2-0D75-4B1B-86D9-8C7EE0EFAC8B}"
EndProject
Global
	GlobalSection(SolutionConfigurationPlatforms) = preSolution
		Debug|Any CPU = Debug|Any CPU
		Release|Any CPU = Release|Any CPU
	EndGlobalSection
	GlobalSection(ProjectConfigurationPlatforms) = postSolution
		{D7B0D9D2-0D75-4B1B-86D9-8C7EE0EFAC8B}.Debug|Any CPU.ActiveCfg = Debug|Any CPU
		{D7B0D9D2-0D75-4B1B-86D9-8C7EE0EFAC8B}.Debug|Any CPU.Build.0 = Debug|Any CPU
		{D7B0D9D2-0D75-4B1B-86D9-8C7EE0EFAC8B}.Release|Any CPU.ActiveCfg = Release|Any CPU
		{D7B0D9D2-0D75-4B1B-86D9-8C7EE0EFAC8B}.Release|Any CPU.Build.0 = Release|Any CPU
	EndGlobalSection
	GlobalSection(SolutionProperties) = preSolution
		HideSolutionNode = FALSE
	EndGlobalSection
	GlobalSection(ExtensibilityGlobals) = postSolution
		SolutionGuid = {7855A142-2DFD-490E-939A-91FF607DCE48}
	EndGlobalSection
EndGlobal
